{
  "pins" : [
    {
      "identity" : "wescan#demo",
      "kind" : "remoteSourceControl",
      "location" : "https://github.com/WeTransfer/WeScan#demo",
      "state" : {
        "revision" : "9787c79729823928277f02fb9c7cbb88d87926cd",
        "version" : "1.8.1"
      }
    }
  ],
  "version" : 2
}
